// !$*UTF8*$!
{
	archiveVersion = 1;
	classes = {
	};
	objectVersion = 46;
	objects = {

/* Begin PBXBuildFile section */
		737DB5151D12B5A100DC0EE5 /* AppDelegate.swift in Sources */ = {isa = PBXBuildFile; fileRef = 737DB5141D12B5A100DC0EE5 /* AppDelegate.swift */; };
		737DB5171D12B5A100DC0EE5 /* ViewController.swift in Sources */ = {isa = PBXBuildFile; fileRef = 737DB5161D12B5A100DC0EE5 /* ViewController.swift */; };
		737DB51A1D12B5A100DC0EE5 /* Main.storyboard in Resources */ = {isa = PBXBuildFile; fileRef = 737DB5181D12B5A100DC0EE5 /* Main.storyboard */; };
		737DB51D1D12B5A100DC0EE5 /* Schedule.xcdatamodeld in Sources */ = {isa = PBXBuildFile; fileRef = 737DB51B1D12B5A100DC0EE5 /* Schedule.xcdatamodeld */; };
		737DB51F1D12B5A100DC0EE5 /* Assets.xcassets in Resources */ = {isa = PBXBuildFile; fileRef = 737DB51E1D12B5A100DC0EE5 /* Assets.xcassets */; };
		737DB5221D12B5A100DC0EE5 /* LaunchScreen.storyboard in Resources */ = {isa = PBXBuildFile; fileRef = 737DB5201D12B5A100DC0EE5 /* LaunchScreen.storyboard */; };
/* End PBXBuildFile section */

/* Begin PBXFileReference section */
		737DB5111D12B5A100DC0EE5 /* Schedule.app */ = {isa = PBXFileReference; explicitFileType = wrapper.application; includeInIndex = 0; path = Schedule.app; sourceTree = BUILT_PRODUCTS_DIR; };
		737DB5141D12B5A100DC0EE5 /* AppDelegate.swift */ = {isa = PBXFileReference; lastKnownFileType = sourcecode.swift; path = AppDelegate.swift; sourceTree = "<group>"; };
		737DB5161D12B5A100DC0EE5 /* ViewController.swift */ = {isa = PBXFileReference; lastKnownFileType = sourcecode.swift; path = ViewController.swift; sourceTree = "<group>"; };
		737DB5191D12B5A100DC0EE5 /* Base */ = {isa = PBXFileReference; lastKnownFileType = file.storyboard; name = Base; path = Base.lproj/Main.storyboard; sourceTree = "<group>"; };
		737DB51C1D12B5A100DC0EE5 /* Schedule.xcdatamodel */ = {isa = PBXFileReference; lastKnownFileType = wrapper.xcdatamodel; path = Schedule.xcdatamodel; sourceTree = "<group>"; };
		737DB51E1D12B5A100DC0EE5 /* Assets.xcassets */ = {isa = PBXFileReference; lastKnownFileType = folder.assetcatalog; path = Assets.xcassets; sourceTree = "<group>"; };
		737DB5211D12B5A100DC0EE5 /* Base */ = {isa = PBXFileReference; lastKnownFileType = file.storyboard; name = Base; path = Base.lproj/LaunchScreen.storyboard; sourceTree = "<group>"; };
		737DB5231D12B5A100DC0EE5 /* Info.plist */ = {isa = PBXFileReference; lastKnownFileType = text.plist.xml; path = Info.plist; sourceTree = "<group>"; };
/* End PBXFileReference section */

/* Begin PBXFrameworksBuildPhase section */
		737DB50E1D12B5A100DC0EE5 /* Frameworks */ = {
			isa = PBXFrameworksBuildPhase;
			buildActionMask = 2147483647;
			files = (
			);
			runOnlyForDeploymentPostprocessing = 0;
		};
/* End PBXFrameworksBuildPhase section */

/* Begin PBXGroup section */
		737DB5081D12B5A100DC0EE5 = {
			isa = PBXGroup;
			children = (
				737DB5131D12B5A100DC0EE5 /* Schedule */,
				737DB5121D12B5A100DC0EE5 /* Products */,
			);
			sourceTree = "<group>";
		};
		737DB5121D12B5A100DC0EE5 /* Products */ = {
			isa = PBXGroup;
			children = (
				737DB5111D12B5A100DC0EE5 /* Schedule.app */,
			);
			name = Products;
			sourceTree = "<group>";
		};
		737DB5131D12B5A100DC0EE5 /* Schedule */ = {
			isa = PBXGroup;
			children = (
				737DB5141D12B5A100DC0EE5 /* AppDelegate.swift */,
				737DB5161D12B5A100DC0EE5 /* ViewController.swift */,
				737DB5181D12B5A100DC0EE5 /* Main.storyboard */,
				737DB51E1D12B5A100DC0EE5 /* Assets.xcassets */,
				737DB5201D12B5A100DC0EE5 /* LaunchScreen.storyboard */,
				737DB5231D12B5A100DC0EE5 /* Info.plist */,
				737DB51B1D12B5A100DC0EE5 /* Schedule.xcdatamodeld */,
			);
			path = Schedule;
			sourceTree = "<group>";
		};
/* End PBXGroup section */

/* Begin PBXNativeTarget section */
		737DB5101D12B5A100DC0EE5 /* Schedule */ = {
			isa = PBXNativeTarget;
			buildConfigurationList = 737DB5261D12B5A100DC0EE5 /* Build configuration list for PBXNativeTarget "Schedule" */;
			buildPhases = (
				737DB50D1D12B5A100DC0EE5 /* Sources */,
				737DB50E1D12B5A100DC0EE5 /* Frameworks */,
				737DB50F1D12B5A100DC0EE5 /* Resources */,
			);
			buildRules = (
			);
			dependencies = (
			);
			name = Schedule;
			productName = Schedule;
			productReference = 737DB5111D12B5A100DC0EE5 /* Schedule.app */;
			productType = "com.apple.product-type.application";
		};
/* End PBXNativeTarget section */

/* Begin PBXProject section */
		737DB5091D12B5A100DC0EE5 /* Project object */ = {
			isa = PBXProject;
			attributes = {
				LastSwiftUpdateCheck = 0730;
				LastUpgradeCheck = 0730;
				ORGANIZATIONNAME = "Pavel Anpleenko";
				TargetAttributes = {
					737DB5101D12B5A100DC0EE5 = {
						CreatedOnToolsVersion = 7.3.1;
					};
				};
			};
			buildConfigurationList = 737DB50C1D12B5A100DC0EE5 /* Build configuration list for PBXProject "Schedule" */;
			compatibilityVersion = "Xcode 3.2";
			developmentRegion = English;
			hasScannedForEncodings = 0;
			knownRegions = (
				en,
				Base,
			);
			mainGroup = 737DB5081D12B5A100DC0EE5;
			productRefGroup = 737DB5121D12B5A100DC0EE5 /* Products */;
			projectDirPath = "";
			projectRoot = "";
			targets = (
				737DB5101D12B5A100DC0EE5 /* Schedule */,
			);
		};
/* End PBXProject section */

/* Begin PBXResourcesBuildPhase section */
		737DB50F1D12B5A100DC0EE5 /* Resources */ = {
			isa = PBXResourcesBuildPhase;
			buildActionMask = 2147483647;
			files = (
				737DB5221D12B5A100DC0EE5 /* LaunchScreen.storyboard in Resources */,
				737DB51F1D12B5A100DC0EE5 /* Assets.xcassets in Resources */,
				737DB51A1D12B5A100DC0EE5 /* Main.storyboard in Resources */,
			);
			runOnlyForDeploymentPostprocessing = 0;
		};
/* End PBXResourcesBuildPhase section */

/* Begin PBXSourcesBuildPhase section */
		737DB50D1D12B5A100DC0EE5 /* Sources */ = {
			isa = PBXSourcesBuildPhase;
			buildActionMask = 2147483647;
			files = (
				737DB5171D12B5A100DC0EE5 /* ViewController.swift in Sources */,
				737DB51D1D12B5A100DC0EE5 /* Schedule.xcdatamodeld in Sources */,
				737DB5151D12B5A100DC0EE5 /* AppDelegate.swift in Sources */,
			);
			runOnlyForDeploymentPostprocessing = 0;
		};
/* End PBXSourcesBuildPhase section */

/* Begin PBXVariantGroup section */
		737DB5181D12B5A100DC0EE5 /* Main.storyboard */ = {
			isa = PBXVariantGroup;
			children = (
				737DB5191D12B5A100DC0EE5 /* Base */,
			);
			name = Main.storyboard;
			sourceTree = "<group>";
		};
		737DB5201D12B5A100DC0EE5 /* LaunchScreen.storyboard */ = {
			isa = PBXVariantGroup;
			children = (
				737DB5211D12B5A100DC0EE5 /* Base */,
			);
			name = LaunchScreen.storyboard;
			sourceTree = "<group>";
		};
/* End PBXVariantGroup section */

/* Begin XCBuildConfiguration section */
		737DB5241D12B5A100DC0EE5 /* Debug */ = {
			isa = XCBuildConfiguration;
			buildSettings = {
				ALWAYS_SEARCH_USER_PATHS = NO;
				CLANG_ANALYZER_NONNULL = YES;
				CLANG_CXX_LANGUAGE_STANDARD = "gnu++0x";
				CLANG_CXX_LIBRARY = "libc++";
				CLANG_ENABLE_MODULES = YES;
				CLANG_ENABLE_OBJC_ARC = YES;
				CLANG_WARN_BOOL_CONVERSION = YES;
				CLANG_WARN_CONSTANT_CONVERSION = YES;
				CLANG_WARN_DIRECT_OBJC_ISA_USAGE = YES_ERROR;
				CLANG_WARN_EMPTY_BODY = YES;
				CLANG_WARN_ENUM_CONVERSION = YES;
				CLANG_WARN_INT_CONVERSION = YES;
				CLANG_WARN_OBJC_ROOT_CLASS = YES_ERROR;
				CLANG_WARN_UNREACHABLE_CODE = YES;
				CLANG_WARN__DUPLICATE_METHOD_MATCH = YES;
				"CODE_SIGN_IDENTITY[sdk=iphoneos*]" = "iPhone Developer";
				COPY_PHASE_STRIP = NO;
				DEBUG_INFORMATION_FORMAT = dwarf;
				ENABLE_STRICT_OBJC_MSGSEND = YES;
				ENABLE_TESTABILITY = YES;
				GCC_C_LANGUAGE_STANDARD = gnu99;
				GCC_DYNAMIC_NO_PIC = NO;
				GCC_NO_COMMON_BLOCKS = YES;
				GCC_OPTIMIZATION_LEVEL = 0;
				GCC_PREPROCESSOR_DEFINITIONS = (
					"DEBUG=1",
					"$(inherited)",
				);
				GCC_WARN_64_TO_32_BIT_CONVERSION = YES;
				GCC_WARN_ABOUT_RETURN_TYPE = YES_ERROR;
				GCC_WARN_UNDECLARED_SELECTOR = YES;
				GCC_WARN_UNINITIALIZED_AUTOS = YES_AGGRESSIVE;
				GCC_WARN_UNUSED_FUNCTION = YES;
				GCC_WARN_UNUSED_VARIABLE = YES;
				IPHONEOS_DEPLOYMENT_TARGET = 9.3;
				MTL_ENABLE_DEBUG_INFO = YES;
				ONLY_ACTIVE_ARCH = YES;
				SDKROOT = iphoneos;
				SWIFT_OPTIMIZATION_LEVEL = "-Onone";
				TARGETED_DEVICE_FAMILY = "1,2";
			};
			name = Debug;
		};
		737DB5251D12B5A100DC0EE5 /* Release */ = {
			isa = XCBuildConfiguration;
			buildSettings = {
				ALWAYS_SEARCH_USER_PATHS = NO;
				CLANG_ANALYZER_NONNULL = YES;
				CLANG_CXX_LANGUAGE_STANDARD = "gnu++0x";
				CLANG_CXX_LIBRARY = "libc++";
				CLANG_ENABLE_MODULES = YES;
				CLANG_ENABLE_OBJC_ARC = YES;
				CLANG_WARN_BOOL_CONVERSION = YES;
				CLANG_WARN_CONSTANT_CONVERSION = YES;
				CLANG_WARN_DIRECT_OBJC_ISA_USAGE = YES_ERROR;
				CLANG_WARN_EMPTY_BODY = YES;
				CLANG_WARN_ENUM_CONVERSION = YES;
				CLANG_WARN_INT_CONVERSION = YES;
				CLANG_WARN_OBJC_ROOT_CLASS = YES_ERROR;
				CLANG_WARN_UNREACHABLE_CODE = YES;
				CLANG_WARN__DUPLICATE_METHOD_MATCH = YES;
				"CODE_SIGN_IDENTITY[sdk=iphoneos*]" = "iPhone Developer";
				COPY_PHASE_STRIP = NO;
				DEBUG_INFORMATION_FORMAT = "dwarf-with-dsym";
				ENABLE_NS_ASSERTIONS = NO;
				ENABLE_STRICT_OBJC_MSGSEND = YES;
				GCC_C_LANGUAGE_STANDARD = gnu99;
				GCC_NO_COMMON_BLOCKS = YES;
				GCC_WARN_64_TO_32_BIT_CONVERSION = YES;
				GCC_WARN_ABOUT_RETURN_TYPE = YES_ERROR;
				GCC_WARN_UNDECLARED_SELECTOR = YES;
				GCC_WARN_UNINITIALIZED_AUTOS = YES_AGGRESSIVE;
				GCC_WARN_UNUSED_FUNCTION = YES;
				GCC_WARN_UNUSED_VARIABLE = YES;
				IPHONEOS_DEPLOYMENT_TARGET = 9.3;
				MTL_ENABLE_DEBUG_INFO = NO;
				SDKROOT = iphoneos;
				TARGETED_DEVICE_FAMILY = "1,2";
				VALIDATE_PRODUCT = YES;
			};
			name = Release;
		};
		737DB5271D12B5A100DC0EE5 /* Debug */ = {
			isa = XCBuildConfiguration;
			buildSettings = {
				ASSETCATALOG_COMPILER_APPICON_NAME = AppIcon;
				INFOPLIST_FILE = Schedule/Info.plist;
				LD_RUNPATH_SEARCH_PATHS = "$(inherited) @executable_path/Frameworks";
				PRODUCT_BUNDLE_IDENTIFIER = Swift.Schedule;
				PRODUCT_NAME = "$(TARGET_NAME)";
			};
			name = Debug;
		};
		737DB5281D12B5A100DC0EE5 /* Release */ = {
			isa = XCBuildConfiguration;
			buildSettings = {
				ASSETCATALOG_COMPILER_APPICON_NAME = AppIcon;
				INFOPLIST_FILE = Schedule/Info.plist;
				LD_RUNPATH_SEARCH_PATHS = "$(inherited) @executable_path/Frameworks";
				PRODUCT_BUNDLE_IDENTIFIER = Swift.Schedule;
				PRODUCT_NAME = "$(TARGET_NAME)";
			};
			name = Release;
		};
/* End XCBuildConfiguration section */

/* Begin XCConfigurationList section */
		737DB50C1D12B5A100DC0EE5 /* Build configuration list for PBXProject "Schedule" */ = {
			isa = XCConfigurationList;
			buildConfigurations = (
				737DB5241D12B5A100DC0EE5 /* Debug */,
				737DB5251D12B5A100DC0EE5 /* Release */,
			);
			defaultConfigurationIsVisible = 0;
			defaultConfigurationName = Release;
		};
		737DB5261D12B5A100DC0EE5 /* Build configuration list for PBXNativeTarget "Schedule" */ = {
			isa = XCConfigurationList;
			buildConfigurations = (
				737DB5271D12B5A100DC0EE5 /* Debug */,
				737DB5281D12B5A100DC0EE5 /* Release */,
			);
			defaultConfigurationIsVisible = 0;
		};
/* End XCConfigurationList section */

/* Begin XCVersionGroup section */
		737DB51B1D12B5A100DC0EE5 /* Schedule.xcdatamodeld */ = {
			isa = XCVersionGroup;
			children = (
				737DB51C1D12B5A100DC0EE5 /* Schedule.xcdatamodel */,
			);
			currentVersion = 737DB51C1D12B5A100DC0EE5 /* Schedule.xcdatamodel */;
			path = Schedule.xcdatamodeld;
			sourceTree = "<group>";
			versionGroupType = wrapper.xcdatamodel;
		};
/* End XCVersionGroup section */
	};
	rootObject = 737DB5091D12B5A100DC0EE5 /* Project object */;
}
